
Microsoft Visual Studio Solution File, Format Version 12.00
# Visual Studio Version 16
VisualStudioVersion = 16.0.30804.86
MinimumVisualStudioVersion = 10.0.40219.1
Project("{9A19103F-16F7-4668-BE54-9A1E7A4F7556}") = "Snek", "Snek\Snek.csproj", "{2AD084A9-3A78-482C-A351-9F9A9B05021A}"
EndProject
Project("{2150E333-8FDC-42A3-9474-1A3956D46DE8}") = "Solution Items", "Solution Items", "{BD4B36F0-8E83-4B3A-BE50-0E91DB9197D2}"
EndProject
Project("{FAE04EC0-301F-11D3-BF4B-00C04F79EFBC}") = "SnekTests", "SnekTests\SnekTests.csproj", "{C3689CBF-3A7E-43FF-8C3F-CAFFDAE0C52F}"
EndProject
Global
	GlobalSection(SolutionConfigurationPlatforms) = preSolution
		Debug|Any CPU = Debug|Any CPU
		Release|Any CPU = Release|Any CPU
	EndGlobalSection
	GlobalSection(ProjectConfigurationPlatforms) = postSolution
		{2AD084A9-3A78-482C-A351-9F9A9B05021A}.Debug|Any CPU.ActiveCfg = Debug|Any CPU
		{2AD084A9-3A78-482C-A351-9F9A9B05021A}.Debug|Any CPU.Build.0 = Debug|Any CPU
		{2AD084A9-3A78-482C-A351-9F9A9B05021A}.Release|Any CPU.ActiveCfg = Release|Any CPU
		{2AD084A9-3A78-482C-A351-9F9A9B05021A}.Release|Any CPU.Build.0 = Release|Any CPU
		{C3689CBF-3A7E-43FF-8C3F-CAFFDAE0C52F}.Debug|Any CPU.ActiveCfg = Debug|Any CPU
		{C3689CBF-3A7E-43FF-8C3F-CAFFDAE0C52F}.Debug|Any CPU.Build.0 = Debug|Any CPU
		{C3689CBF-3A7E-43FF-8C3F-CAFFDAE0C52F}.Release|Any CPU.ActiveCfg = Release|Any CPU
		{C3689CBF-3A7E-43FF-8C3F-CAFFDAE0C52F}.Release|Any CPU.Build.0 = Release|Any CPU
	EndGlobalSection
	GlobalSection(SolutionProperties) = preSolution
		HideSolutionNode = FALSE
	EndGlobalSection
	GlobalSection(ExtensibilityGlobals) = postSolution
		SolutionGuid = {FD8F51D7-33D9-4EA6-B141-3AF4D378F902}
	EndGlobalSection
EndGlobal
